
Microsoft Visual Studio Solution File, Format Version 12.00
# Visual Studio 2012
Project("{FAE04EC0-301F-11D3-BF4B-00C04F79EFBC}") = "InfallibleEngine", "InfallibleEngine\InfallibleEngine.csproj", "{F848CF54-1FAD-4308-A0FB-6B18050C2B99}"
EndProject
Global
	GlobalSection(SolutionConfigurationPlatforms) = preSolution
		Debug|Any CPU = Debug|Any CPU
		Release|Any CPU = Release|Any CPU
	EndGlobalSection
	GlobalSection(ProjectConfigurationPlatforms) = postSolution
		{F848CF54-1FAD-4308-A0FB-6B18050C2B99}.Debug|Any CPU.ActiveCfg = Debug|Any CPU
		{F848CF54-1FAD-4308-A0FB-6B18050C2B99}.Debug|Any CPU.Build.0 = Debug|Any CPU
		{F848CF54-1FAD-4308-A0FB-6B18050C2B99}.Release|Any CPU.ActiveCfg = Release|Any CPU
		{F848CF54-1FAD-4308-A0FB-6B18050C2B99}.Release|Any CPU.Build.0 = Release|Any CPU
	EndGlobalSection
EndGlobal
